
Microsoft Visual Studio Solution File, Format Version 12.00
# Visual Studio Version 17
VisualStudioVersion = 17.9.34728.123
MinimumVisualStudioVersion = 10.0.40219.1
Project("{2150E333-8FDC-42A3-9474-1A3956D46DE8}") = "BuildingBlocks", "BuildingBlocks", "{2F62F5AF-9DDF-4FA1-8A13-489E660E99F6}"
EndProject
Project("{2150E333-8FDC-42A3-9474-1A3956D46DE8}") = "Common", "Common", "{D8C0A4D9-ED3B-404E-900D-6CD69FD7C632}"
EndProject
Project("{2150E333-8FDC-42A3-9474-1A3956D46DE8}") = "Contracts", "Contracts", "{2D10565D-806E-4E6A-9231-B3B276B84443}"
EndProject
Project("{2150E333-8FDC-42A3-9474-1A3956D46DE8}") = "Services", "Services", "{23A4921A-00DF-4711-86AF-080EF50BD7E8}"
EndProject
Project("{2150E333-8FDC-42A3-9474-1A3956D46DE8}") = "Flight", "Flight", "{BC29D37D-EE09-4F2E-9A93-D9E9C1A86929}"
EndProject
Project("{2150E333-8FDC-42A3-9474-1A3956D46DE8}") = "Booking", "Booking", "{18C0794F-C6C8-4933-BDD7-952482FFA01A}"
EndProject
Project("{2150E333-8FDC-42A3-9474-1A3956D46DE8}") = "Payment", "Payment", "{E3FB05E1-157C-45AC-8583-6A30BEF87EF8}"
EndProject
Project("{2150E333-8FDC-42A3-9474-1A3956D46DE8}") = "Notification", "Notification", "{EDC56BD0-4D29-417D-82C0-609C1A40233A}"
EndProject
Project("{FAE04EC0-301F-11D3-BF4B-00C04F79EFBC}") = "AirlineBookingSystem.Bookings.Api", "AirlineBookingSystem.Bookings.Api\AirlineBookingSystem.Bookings.Api.csproj", "{ABBEE5D6-80C4-47B7-B6F0-C03DE26A4060}"
EndProject
Project("{FAE04EC0-301F-11D3-BF4B-00C04F79EFBC}") = "AirlineBookingSystem.Bookings.Application", "AirlineBookingSystem.Bookings.Application\AirlineBookingSystem.Bookings.Application.csproj", "{58575B6A-17F3-402D-B6BD-D9A1B506809F}"
EndProject
Project("{FAE04EC0-301F-11D3-BF4B-00C04F79EFBC}") = "AirlineBookingSystem.Bookings.Core", "AirlineBookingSystem.Bookings.Core\AirlineBookingSystem.Bookings.Core.csproj", "{9341B457-9698-49DC-B689-F384F1DE031D}"
EndProject
Project("{FAE04EC0-301F-11D3-BF4B-00C04F79EFBC}") = "AirlineBookingSystem.Bookings.Infrastructure", "AirlineBookingSystem.Bookings.Infrastructure\AirlineBookingSystem.Bookings.Infrastructure.csproj", "{B704374A-4D49-4AB0-A377-11EB99AB9DE7}"
EndProject
Project("{FAE04EC0-301F-11D3-BF4B-00C04F79EFBC}") = "AirlineBookingSystem.Flights.Api", "AirlineBookingSystem.Flights.Api\AirlineBookingSystem.Flights.Api.csproj", "{45FEA0B6-D16B-4E4F-B47C-BAC30975BE0D}"
EndProject
Project("{FAE04EC0-301F-11D3-BF4B-00C04F79EFBC}") = "AirlineBookingSystem.Flights.Application", "AirlineBookingSystem.Flights.Application\AirlineBookingSystem.Flights.Application.csproj", "{D97E5B94-06F3-4876-8F8F-53A37539F25A}"
EndProject
Project("{FAE04EC0-301F-11D3-BF4B-00C04F79EFBC}") = "AirlineBookingSystem.Flights.Core", "AirlineBookingSystem.Flights.Core\AirlineBookingSystem.Flights.Core.csproj", "{A890C1E7-07E0-495F-8DE9-FD51F9AE0A42}"
EndProject
Project("{FAE04EC0-301F-11D3-BF4B-00C04F79EFBC}") = "AirlineBookingSystem.Flights.Infrastructure", "AirlineBookingSystem.Flights.Infrastructure\AirlineBookingSystem.Flights.Infrastructure.csproj", "{A46F28F1-2E66-4B66-B1B2-0E8438B34C04}"
EndProject
Project("{FAE04EC0-301F-11D3-BF4B-00C04F79EFBC}") = "AirlineBookingSystem.Notifications.Api", "AirlineBookingSystem.Notifications.Api\AirlineBookingSystem.Notifications.Api.csproj", "{5E4D7B49-8ED9-44AE-8474-75E341932AC9}"
EndProject
Project("{FAE04EC0-301F-11D3-BF4B-00C04F79EFBC}") = "AirlineBookingSystem.Notifications.Application", "AirlineBookingSystem.Notifications.Application\AirlineBookingSystem.Notifications.Application.csproj", "{17C388B0-9E80-41A7-A7A8-6E763AADF8EE}"
EndProject
Project("{FAE04EC0-301F-11D3-BF4B-00C04F79EFBC}") = "AirlineBookingSystem.Notifications.Core", "AirlineBookingSystem.Notifications.Core\AirlineBookingSystem.Notifications.Core.csproj", "{591567C6-5F3C-45E5-853F-1682473EF848}"
EndProject
Project("{FAE04EC0-301F-11D3-BF4B-00C04F79EFBC}") = "AirlineBookingSystem.Notifications.Infrastructure", "AirlineBookingSystem.Notifications.Infrastructure\AirlineBookingSystem.Notifications.Infrastructure.csproj", "{E44173D5-2B3A-47C6-806E-A7F1EADB6A86}"
EndProject
Project("{FAE04EC0-301F-11D3-BF4B-00C04F79EFBC}") = "AirlineBookingSystem.Payments.Api", "AirlineBookingSystem.Payments.Api\AirlineBookingSystem.Payments.Api.csproj", "{1D2BCBC5-87B8-4519-922E-64DD5B526E02}"
EndProject
Project("{FAE04EC0-301F-11D3-BF4B-00C04F79EFBC}") = "AirlineBookingSystem.Payments.Application", "AirlineBookingSystem.Payments.Application\AirlineBookingSystem.Payments.Application.csproj", "{F7B1BC58-5932-4DF8-A827-7A882EA7A593}"
EndProject
Project("{FAE04EC0-301F-11D3-BF4B-00C04F79EFBC}") = "AirlineBookingSystem.Payments.Core", "AirlineBookingSystem.Payments.Core\AirlineBookingSystem.Payments.Core.csproj", "{4EE8EEC8-FBAC-4111-B5AD-81BA82947A6E}"
EndProject
Project("{FAE04EC0-301F-11D3-BF4B-00C04F79EFBC}") = "AirlineBookingSystem.Payments.Infrastructure", "AirlineBookingSystem.Payments.Infrastructure\AirlineBookingSystem.Payments.Infrastructure.csproj", "{3C8ACC9E-7712-4AA9-8C4C-DBD8AB2ADC7F}"
EndProject
Global
	GlobalSection(SolutionConfigurationPlatforms) = preSolution
		Debug|Any CPU = Debug|Any CPU
		Release|Any CPU = Release|Any CPU
	EndGlobalSection
	GlobalSection(ProjectConfigurationPlatforms) = postSolution
		{ABBEE5D6-80C4-47B7-B6F0-C03DE26A4060}.Debug|Any CPU.ActiveCfg = Debug|Any CPU
		{ABBEE5D6-80C4-47B7-B6F0-C03DE26A4060}.Debug|Any CPU.Build.0 = Debug|Any CPU
		{ABBEE5D6-80C4-47B7-B6F0-C03DE26A4060}.Release|Any CPU.ActiveCfg = Release|Any CPU
		{ABBEE5D6-80C4-47B7-B6F0-C03DE26A4060}.Release|Any CPU.Build.0 = Release|Any CPU
		{58575B6A-17F3-402D-B6BD-D9A1B506809F}.Debug|Any CPU.ActiveCfg = Debug|Any CPU
		{58575B6A-17F3-402D-B6BD-D9A1B506809F}.Debug|Any CPU.Build.0 = Debug|Any CPU
		{58575B6A-17F3-402D-B6BD-D9A1B506809F}.Release|Any CPU.ActiveCfg = Release|Any CPU
		{58575B6A-17F3-402D-B6BD-D9A1B506809F}.Release|Any CPU.Build.0 = Release|Any CPU
		{9341B457-9698-49DC-B689-F384F1DE031D}.Debug|Any CPU.ActiveCfg = Debug|Any CPU
		{9341B457-9698-49DC-B689-F384F1DE031D}.Debug|Any CPU.Build.0 = Debug|Any CPU
		{9341B457-9698-49DC-B689-F384F1DE031D}.Release|Any CPU.ActiveCfg = Release|Any CPU
		{9341B457-9698-49DC-B689-F384F1DE031D}.Release|Any CPU.Build.0 = Release|Any CPU
		{B704374A-4D49-4AB0-A377-11EB99AB9DE7}.Debug|Any CPU.ActiveCfg = Debug|Any CPU
		{B704374A-4D49-4AB0-A377-11EB99AB9DE7}.Debug|Any CPU.Build.0 = Debug|Any CPU
		{B704374A-4D49-4AB0-A377-11EB99AB9DE7}.Release|Any CPU.ActiveCfg = Release|Any CPU
		{B704374A-4D49-4AB0-A377-11EB99AB9DE7}.Release|Any CPU.Build.0 = Release|Any CPU
		{45FEA0B6-D16B-4E4F-B47C-BAC30975BE0D}.Debug|Any CPU.ActiveCfg = Debug|Any CPU
		{45FEA0B6-D16B-4E4F-B47C-BAC30975BE0D}.Debug|Any CPU.Build.0 = Debug|Any CPU
		{45FEA0B6-D16B-4E4F-B47C-BAC30975BE0D}.Release|Any CPU.ActiveCfg = Release|Any CPU
		{45FEA0B6-D16B-4E4F-B47C-BAC30975BE0D}.Release|Any CPU.Build.0 = Release|Any CPU
		{D97E5B94-06F3-4876-8F8F-53A37539F25A}.Debug|Any CPU.ActiveCfg = Debug|Any CPU
		{D97E5B94-06F3-4876-8F8F-53A37539F25A}.Debug|Any CPU.Build.0 = Debug|Any CPU
		{D97E5B94-06F3-4876-8F8F-53A37539F25A}.Release|Any CPU.ActiveCfg = Release|Any CPU
		{D97E5B94-06F3-4876-8F8F-53A37539F25A}.Release|Any CPU.Build.0 = Release|Any CPU
		{A890C1E7-07E0-495F-8DE9-FD51F9AE0A42}.Debug|Any CPU.ActiveCfg = Debug|Any CPU
		{A890C1E7-07E0-495F-8DE9-FD51F9AE0A42}.Debug|Any CPU.Build.0 = Debug|Any CPU
		{A890C1E7-07E0-495F-8DE9-FD51F9AE0A42}.Release|Any CPU.ActiveCfg = Release|Any CPU
		{A890C1E7-07E0-495F-8DE9-FD51F9AE0A42}.Release|Any CPU.Build.0 = Release|Any CPU
		{A46F28F1-2E66-4B66-B1B2-0E8438B34C04}.Debug|Any CPU.ActiveCfg = Debug|Any CPU
		{A46F28F1-2E66-4B66-B1B2-0E8438B34C04}.Debug|Any CPU.Build.0 = Debug|Any CPU
		{A46F28F1-2E66-4B66-B1B2-0E8438B34C04}.Release|Any CPU.ActiveCfg = Release|Any CPU
		{A46F28F1-2E66-4B66-B1B2-0E8438B34C04}.Release|Any CPU.Build.0 = Release|Any CPU
		{5E4D7B49-8ED9-44AE-8474-75E341932AC9}.Debug|Any CPU.ActiveCfg = Debug|Any CPU
		{5E4D7B49-8ED9-44AE-8474-75E341932AC9}.Debug|Any CPU.Build.0 = Debug|Any CPU
		{5E4D7B49-8ED9-44AE-8474-75E341932AC9}.Release|Any CPU.ActiveCfg = Release|Any CPU
		{5E4D7B49-8ED9-44AE-8474-75E341932AC9}.Release|Any CPU.Build.0 = Release|Any CPU
		{17C388B0-9E80-41A7-A7A8-6E763AADF8EE}.Debug|Any CPU.ActiveCfg = Debug|Any CPU
		{17C388B0-9E80-41A7-A7A8-6E763AADF8EE}.Debug|Any CPU.Build.0 = Debug|Any CPU
		{17C388B0-9E80-41A7-A7A8-6E763AADF8EE}.Release|Any CPU.ActiveCfg = Release|Any CPU
		{17C388B0-9E80-41A7-A7A8-6E763AADF8EE}.Release|Any CPU.Build.0 = Release|Any CPU
		{591567C6-5F3C-45E5-853F-1682473EF848}.Debug|Any CPU.ActiveCfg = Debug|Any CPU
		{591567C6-5F3C-45E5-853F-1682473EF848}.Debug|Any CPU.Build.0 = Debug|Any CPU
		{591567C6-5F3C-45E5-853F-1682473EF848}.Release|Any CPU.ActiveCfg = Release|Any CPU
		{591567C6-5F3C-45E5-853F-1682473EF848}.Release|Any CPU.Build.0 = Release|Any CPU
		{E44173D5-2B3A-47C6-806E-A7F1EADB6A86}.Debug|Any CPU.ActiveCfg = Debug|Any CPU
		{E44173D5-2B3A-47C6-806E-A7F1EADB6A86}.Debug|Any CPU.Build.0 = Debug|Any CPU
		{E44173D5-2B3A-47C6-806E-A7F1EADB6A86}.Release|Any CPU.ActiveCfg = Release|Any CPU
		{E44173D5-2B3A-47C6-806E-A7F1EADB6A86}.Release|Any CPU.Build.0 = Release|Any CPU
		{1D2BCBC5-87B8-4519-922E-64DD5B526E02}.Debug|Any CPU.ActiveCfg = Debug|Any CPU
		{1D2BCBC5-87B8-4519-922E-64DD5B526E02}.Debug|Any CPU.Build.0 = Debug|Any CPU
		{1D2BCBC5-87B8-4519-922E-64DD5B526E02}.Release|Any CPU.ActiveCfg = Release|Any CPU
		{1D2BCBC5-87B8-4519-922E-64DD5B526E02}.Release|Any CPU.Build.0 = Release|Any CPU
		{F7B1BC58-5932-4DF8-A827-7A882EA7A593}.Debug|Any CPU.ActiveCfg = Debug|Any CPU
		{F7B1BC58-5932-4DF8-A827-7A882EA7A593}.Debug|Any CPU.Build.0 = Debug|Any CPU
		{F7B1BC58-5932-4DF8-A827-7A882EA7A593}.Release|Any CPU.ActiveCfg = Release|Any CPU
		{F7B1BC58-5932-4DF8-A827-7A882EA7A593}.Release|Any CPU.Build.0 = Release|Any CPU
		{4EE8EEC8-FBAC-4111-B5AD-81BA82947A6E}.Debug|Any CPU.ActiveCfg = Debug|Any CPU
		{4EE8EEC8-FBAC-4111-B5AD-81BA82947A6E}.Debug|Any CPU.Build.0 = Debug|Any CPU
		{4EE8EEC8-FBAC-4111-B5AD-81BA82947A6E}.Release|Any CPU.ActiveCfg = Release|Any CPU
		{4EE8EEC8-FBAC-4111-B5AD-81BA82947A6E}.Release|Any CPU.Build.0 = Release|Any CPU
		{3C8ACC9E-7712-4AA9-8C4C-DBD8AB2ADC7F}.Debug|Any CPU.ActiveCfg = Debug|Any CPU
		{3C8ACC9E-7712-4AA9-8C4C-DBD8AB2ADC7F}.Debug|Any CPU.Build.0 = Debug|Any CPU
		{3C8ACC9E-7712-4AA9-8C4C-DBD8AB2ADC7F}.Release|Any CPU.ActiveCfg = Release|Any CPU
		{3C8ACC9E-7712-4AA9-8C4C-DBD8AB2ADC7F}.Release|Any CPU.Build.0 = Release|Any CPU
	EndGlobalSection
	GlobalSection(SolutionProperties) = preSolution
		HideSolutionNode = FALSE
	EndGlobalSection
	GlobalSection(NestedProjects) = preSolution
		{D8C0A4D9-ED3B-404E-900D-6CD69FD7C632} = {2F62F5AF-9DDF-4FA1-8A13-489E660E99F6}
		{2D10565D-806E-4E6A-9231-B3B276B84443} = {2F62F5AF-9DDF-4FA1-8A13-489E660E99F6}
		{BC29D37D-EE09-4F2E-9A93-D9E9C1A86929} = {23A4921A-00DF-4711-86AF-080EF50BD7E8}
		{18C0794F-C6C8-4933-BDD7-952482FFA01A} = {23A4921A-00DF-4711-86AF-080EF50BD7E8}
		{E3FB05E1-157C-45AC-8583-6A30BEF87EF8} = {23A4921A-00DF-4711-86AF-080EF50BD7E8}
		{EDC56BD0-4D29-417D-82C0-609C1A40233A} = {23A4921A-00DF-4711-86AF-080EF50BD7E8}
		{ABBEE5D6-80C4-47B7-B6F0-C03DE26A4060} = {18C0794F-C6C8-4933-BDD7-952482FFA01A}
		{58575B6A-17F3-402D-B6BD-D9A1B506809F} = {18C0794F-C6C8-4933-BDD7-952482FFA01A}
		{9341B457-9698-49DC-B689-F384F1DE031D} = {18C0794F-C6C8-4933-BDD7-952482FFA01A}
		{B704374A-4D49-4AB0-A377-11EB99AB9DE7} = {18C0794F-C6C8-4933-BDD7-952482FFA01A}
		{45FEA0B6-D16B-4E4F-B47C-BAC30975BE0D} = {BC29D37D-EE09-4F2E-9A93-D9E9C1A86929}
		{D97E5B94-06F3-4876-8F8F-53A37539F25A} = {BC29D37D-EE09-4F2E-9A93-D9E9C1A86929}
		{A890C1E7-07E0-495F-8DE9-FD51F9AE0A42} = {BC29D37D-EE09-4F2E-9A93-D9E9C1A86929}
		{A46F28F1-2E66-4B66-B1B2-0E8438B34C04} = {BC29D37D-EE09-4F2E-9A93-D9E9C1A86929}
		{5E4D7B49-8ED9-44AE-8474-75E341932AC9} = {EDC56BD0-4D29-417D-82C0-609C1A40233A}
		{17C388B0-9E80-41A7-A7A8-6E763AADF8EE} = {EDC56BD0-4D29-417D-82C0-609C1A40233A}
		{591567C6-5F3C-45E5-853F-1682473EF848} = {EDC56BD0-4D29-417D-82C0-609C1A40233A}
		{E44173D5-2B3A-47C6-806E-A7F1EADB6A86} = {EDC56BD0-4D29-417D-82C0-609C1A40233A}
		{1D2BCBC5-87B8-4519-922E-64DD5B526E02} = {E3FB05E1-157C-45AC-8583-6A30BEF87EF8}
		{F7B1BC58-5932-4DF8-A827-7A882EA7A593} = {E3FB05E1-157C-45AC-8583-6A30BEF87EF8}
		{4EE8EEC8-FBAC-4111-B5AD-81BA82947A6E} = {E3FB05E1-157C-45AC-8583-6A30BEF87EF8}
		{3C8ACC9E-7712-4AA9-8C4C-DBD8AB2ADC7F} = {E3FB05E1-157C-45AC-8583-6A30BEF87EF8}
	EndGlobalSection
	GlobalSection(ExtensibilityGlobals) = postSolution
		SolutionGuid = {ED4C7A87-F345-4BD4-99D8-564B0D43787D}
	EndGlobalSection
EndGlobal
